// !$*UTF8*$!
{
	archiveVersion = 1;
	classes = {
	};
	objectVersion = 51;
	objects = {

/* Begin PBXBuildFile section */
		D7348884C1AB02C9E92D7A94 /* Pods_Movies.framework in Frameworks */ = {isa = PBXBuildFile; fileRef = D93C611BA48E85B380A1E582 /* Pods_Movies.framework */; };
		E0C525AD26CD236800A9908F /* AppDelegate.swift in Sources */ = {isa = PBXBuildFile; fileRef = E0C525AC26CD236800A9908F /* AppDelegate.swift */; };
		E0C525AF26CD236800A9908F /* SceneDelegate.swift in Sources */ = {isa = PBXBuildFile; fileRef = E0C525AE26CD236800A9908F /* SceneDelegate.swift */; };
		E0C525B126CD236800A9908F /* Home.swift in Sources */ = {isa = PBXBuildFile; fileRef = E0C525B026CD236800A9908F /* Home.swift */; };
		E0C525B626CD236900A9908F /* Assets.xcassets in Resources */ = {isa = PBXBuildFile; fileRef = E0C525B526CD236900A9908F /* Assets.xcassets */; };
		E0C525B926CD236900A9908F /* LaunchScreen.storyboard in Resources */ = {isa = PBXBuildFile; fileRef = E0C525B726CD236900A9908F /* LaunchScreen.storyboard */; };
		E0C525C126CD242700A9908F /* ViewController.swift in Sources */ = {isa = PBXBuildFile; fileRef = E0C525C026CD242700A9908F /* ViewController.swift */; };
		E0C525C426CD248900A9908F /* Movie.swift in Sources */ = {isa = PBXBuildFile; fileRef = E0C525C326CD248900A9908F /* Movie.swift */; };
		E0C525C726CD24DA00A9908F /* HTTPManager.swift in Sources */ = {isa = PBXBuildFile; fileRef = E0C525C626CD24DA00A9908F /* HTTPManager.swift */; };
		E0C525C926CD286400A9908F /* Secrets.plist in Resources */ = {isa = PBXBuildFile; fileRef = E0C525C826CD286400A9908F /* Secrets.plist */; };
		E0C525CB26CD3F9700A9908F /* MovieViewController.swift in Sources */ = {isa = PBXBuildFile; fileRef = E0C525CA26CD3F9700A9908F /* MovieViewController.swift */; };
		E0C525CD26CD490E00A9908F /* Main.storyboard in Resources */ = {isa = PBXBuildFile; fileRef = E0C525CC26CD490E00A9908F /* Main.storyboard */; };
/* End PBXBuildFile section */

/* Begin PBXFileReference section */
		57ACCD568C5C4A3FE2602713 /* Pods-Movies.release.xcconfig */ = {isa = PBXFileReference; includeInIndex = 1; lastKnownFileType = text.xcconfig; name = "Pods-Movies.release.xcconfig"; path = "Target Support Files/Pods-Movies/Pods-Movies.release.xcconfig"; sourceTree = "<group>"; };
		D93C611BA48E85B380A1E582 /* Pods_Movies.framework */ = {isa = PBXFileReference; explicitFileType = wrapper.framework; includeInIndex = 0; path = Pods_Movies.framework; sourceTree = BUILT_PRODUCTS_DIR; };
		E0C525A926CD236800A9908F /* Movies.app */ = {isa = PBXFileReference; explicitFileType = wrapper.application; includeInIndex = 0; path = Movies.app; sourceTree = BUILT_PRODUCTS_DIR; };
		E0C525AC26CD236800A9908F /* AppDelegate.swift */ = {isa = PBXFileReference; lastKnownFileType = sourcecode.swift; path = AppDelegate.swift; sourceTree = "<group>"; };
		E0C525AE26CD236800A9908F /* SceneDelegate.swift */ = {isa = PBXFileReference; lastKnownFileType = sourcecode.swift; path = SceneDelegate.swift; sourceTree = "<group>"; };
		E0C525B026CD236800A9908F /* Home.swift */ = {isa = PBXFileReference; lastKnownFileType = sourcecode.swift; path = Home.swift; sourceTree = "<group>"; };
		E0C525B526CD236900A9908F /* Assets.xcassets */ = {isa = PBXFileReference; lastKnownFileType = folder.assetcatalog; path = Assets.xcassets; sourceTree = "<group>"; };
		E0C525B826CD236900A9908F /* Base */ = {isa = PBXFileReference; lastKnownFileType = file.storyboard; name = Base; path = Base.lproj/LaunchScreen.storyboard; sourceTree = "<group>"; };
		E0C525BA26CD236900A9908F /* Info.plist */ = {isa = PBXFileReference; lastKnownFileType = text.plist.xml; path = Info.plist; sourceTree = "<group>"; };
		E0C525C026CD242700A9908F /* ViewController.swift */ = {isa = PBXFileReference; lastKnownFileType = sourcecode.swift; path = ViewController.swift; sourceTree = "<group>"; };
		E0C525C326CD248900A9908F /* Movie.swift */ = {isa = PBXFileReference; lastKnownFileType = sourcecode.swift; path = Movie.swift; sourceTree = "<group>"; };
		E0C525C626CD24DA00A9908F /* HTTPManager.swift */ = {isa = PBXFileReference; lastKnownFileType = sourcecode.swift; path = HTTPManager.swift; sourceTree = "<group>"; };
		E0C525C826CD286400A9908F /* Secrets.plist */ = {isa = PBXFileReference; lastKnownFileType = text.plist.xml; path = Secrets.plist; sourceTree = "<group>"; };
		E0C525CA26CD3F9700A9908F /* MovieViewController.swift */ = {isa = PBXFileReference; lastKnownFileType = sourcecode.swift; path = MovieViewController.swift; sourceTree = "<group>"; };
		E0C525CC26CD490E00A9908F /* Main.storyboard */ = {isa = PBXFileReference; fileEncoding = 4; lastKnownFileType = file.storyboard; path = Main.storyboard; sourceTree = "<group>"; };
		F103D8D6E281CBC594FB4072 /* Pods-Movies.debug.xcconfig */ = {isa = PBXFileReference; includeInIndex = 1; lastKnownFileType = text.xcconfig; name = "Pods-Movies.debug.xcconfig"; path = "Target Support Files/Pods-Movies/Pods-Movies.debug.xcconfig"; sourceTree = "<group>"; };
/* End PBXFileReference section */

/* Begin PBXFrameworksBuildPhase section */
		E0C525A626CD236800A9908F /* Frameworks */ = {
			isa = PBXFrameworksBuildPhase;
			buildActionMask = 2147483647;
			files = (
				D7348884C1AB02C9E92D7A94 /* Pods_Movies.framework in Frameworks */,
			);
			runOnlyForDeploymentPostprocessing = 0;
		};
/* End PBXFrameworksBuildPhase section */

/* Begin PBXGroup section */
		29E4E859B87975A88AECDC6C /* Pods */ = {
			isa = PBXGroup;
			children = (
				F103D8D6E281CBC594FB4072 /* Pods-Movies.debug.xcconfig */,
				57ACCD568C5C4A3FE2602713 /* Pods-Movies.release.xcconfig */,
			);
			path = Pods;
			sourceTree = "<group>";
		};
		7581F13F590F9FCCF844EA17 /* Frameworks */ = {
			isa = PBXGroup;
			children = (
				D93C611BA48E85B380A1E582 /* Pods_Movies.framework */,
			);
			name = Frameworks;
			sourceTree = "<group>";
		};
		E0C525A026CD236800A9908F = {
			isa = PBXGroup;
			children = (
				E0C525AB26CD236800A9908F /* Movies */,
				E0C525AA26CD236800A9908F /* Products */,
				29E4E859B87975A88AECDC6C /* Pods */,
				7581F13F590F9FCCF844EA17 /* Frameworks */,
			);
			sourceTree = "<group>";
		};
		E0C525AA26CD236800A9908F /* Products */ = {
			isa = PBXGroup;
			children = (
				E0C525A926CD236800A9908F /* Movies.app */,
			);
			name = Products;
			sourceTree = "<group>";
		};
		E0C525AB26CD236800A9908F /* Movies */ = {
			isa = PBXGroup;
			children = (
				E0C525C526CD24B900A9908F /* Network */,
				E0C525C226CD247900A9908F /* Model */,
				E0C525AC26CD236800A9908F /* AppDelegate.swift */,
				E0C525AE26CD236800A9908F /* SceneDelegate.swift */,
				E0C525B026CD236800A9908F /* Home.swift */,
				E0C525C826CD286400A9908F /* Secrets.plist */,
				E0C525B526CD236900A9908F /* Assets.xcassets */,
				E0C525CC26CD490E00A9908F /* Main.storyboard */,
				E0C525B726CD236900A9908F /* LaunchScreen.storyboard */,
				E0C525BA26CD236900A9908F /* Info.plist */,
				E0C525C026CD242700A9908F /* ViewController.swift */,
				E0C525CA26CD3F9700A9908F /* MovieViewController.swift */,
			);
			path = Movies;
			sourceTree = "<group>";
		};
		E0C525C226CD247900A9908F /* Model */ = {
			isa = PBXGroup;
			children = (
				E0C525C326CD248900A9908F /* Movie.swift */,
			);
			path = Model;
			sourceTree = "<group>";
		};
		E0C525C526CD24B900A9908F /* Network */ = {
			isa = PBXGroup;
			children = (
				E0C525C626CD24DA00A9908F /* HTTPManager.swift */,
			);
			path = Network;
			sourceTree = "<group>";
		};
/* End PBXGroup section */

/* Begin PBXNativeTarget section */
		E0C525A826CD236800A9908F /* Movies */ = {
			isa = PBXNativeTarget;
			buildConfigurationList = E0C525BD26CD236900A9908F /* Build configuration list for PBXNativeTarget "Movies" */;
			buildPhases = (
				1566ED8CB69C39A4122427B7 /* [CP] Check Pods Manifest.lock */,
				E0C525A526CD236800A9908F /* Sources */,
				E0C525A626CD236800A9908F /* Frameworks */,
				E0C525A726CD236800A9908F /* Resources */,
				CBF041CC28BD058422C4082D /* [CP] Embed Pods Frameworks */,
			);
			buildRules = (
			);
			dependencies = (
			);
			name = Movies;
			productName = Movies;
			productReference = E0C525A926CD236800A9908F /* Movies.app */;
			productType = "com.apple.product-type.application";
		};
/* End PBXNativeTarget section */

/* Begin PBXProject section */
		E0C525A126CD236800A9908F /* Project object */ = {
			isa = PBXProject;
			attributes = {
				LastSwiftUpdateCheck = 1250;
				LastUpgradeCheck = 1250;
				TargetAttributes = {
					E0C525A826CD236800A9908F = {
						CreatedOnToolsVersion = 12.5.1;
					};
				};
			};
			buildConfigurationList = E0C525A426CD236800A9908F /* Build configuration list for PBXProject "Movies" */;
			compatibilityVersion = "Xcode 9.3";
			developmentRegion = en;
			hasScannedForEncodings = 0;
			knownRegions = (
				en,
				Base,
			);
			mainGroup = E0C525A026CD236800A9908F;
			productRefGroup = E0C525AA26CD236800A9908F /* Products */;
			projectDirPath = "";
			projectRoot = "";
			targets = (
				E0C525A826CD236800A9908F /* Movies */,
			);
		};
/* End PBXProject section */

/* Begin PBXResourcesBuildPhase section */
		E0C525A726CD236800A9908F /* Resources */ = {
			isa = PBXResourcesBuildPhase;
			buildActionMask = 2147483647;
			files = (
				E0C525C926CD286400A9908F /* Secrets.plist in Resources */,
				E0C525B926CD236900A9908F /* LaunchScreen.storyboard in Resources */,
				E0C525B626CD236900A9908F /* Assets.xcassets in Resources */,
				E0C525CD26CD490E00A9908F /* Main.storyboard in Resources */,
			);
			runOnlyForDeploymentPostprocessing = 0;
		};
/* End PBXResourcesBuildPhase section */

/* Begin PBXShellScriptBuildPhase section */
		1566ED8CB69C39A4122427B7 /* [CP] Check Pods Manifest.lock */ = {
			isa = PBXShellScriptBuildPhase;
			buildActionMask = 2147483647;
			files = (
			);
			inputFileListPaths = (
			);
			inputPaths = (
				"${PODS_PODFILE_DIR_PATH}/Podfile.lock",
				"${PODS_ROOT}/Manifest.lock",
			);
			name = "[CP] Check Pods Manifest.lock";
			outputFileListPaths = (
			);
			outputPaths = (
				"$(DERIVED_FILE_DIR)/Pods-Movies-checkManifestLockResult.txt",
			);
			runOnlyForDeploymentPostprocessing = 0;
			shellPath = /bin/sh;
			shellScript = "diff \"${PODS_PODFILE_DIR_PATH}/Podfile.lock\" \"${PODS_ROOT}/Manifest.lock\" > /dev/null\nif [ $? != 0 ] ; then\n    # print error to STDERR\n    echo \"error: The sandbox is not in sync with the Podfile.lock. Run 'pod install' or update your CocoaPods installation.\" >&2\n    exit 1\nfi\n# This output is used by Xcode 'outputs' to avoid re-running this script phase.\necho \"SUCCESS\" > \"${SCRIPT_OUTPUT_FILE_0}\"\n";
			showEnvVarsInLog = 0;
		};
		CBF041CC28BD058422C4082D /* [CP] Embed Pods Frameworks */ = {
			isa = PBXShellScriptBuildPhase;
			buildActionMask = 2147483647;
			files = (
			);
			inputFileListPaths = (
				"${PODS_ROOT}/Target Support Files/Pods-Movies/Pods-Movies-frameworks-${CONFIGURATION}-input-files.xcfilelist",
			);
			name = "[CP] Embed Pods Frameworks";
			outputFileListPaths = (
				"${PODS_ROOT}/Target Support Files/Pods-Movies/Pods-Movies-frameworks-${CONFIGURATION}-output-files.xcfilelist",
			);
			runOnlyForDeploymentPostprocessing = 0;
			shellPath = /bin/sh;
			shellScript = "\"${PODS_ROOT}/Target Support Files/Pods-Movies/Pods-Movies-frameworks.sh\"\n";
			showEnvVarsInLog = 0;
		};
/* End PBXShellScriptBuildPhase section */

/* Begin PBXSourcesBuildPhase section */
		E0C525A526CD236800A9908F /* Sources */ = {
			isa = PBXSourcesBuildPhase;
			buildActionMask = 2147483647;
			files = (
				E0C525B126CD236800A9908F /* Home.swift in Sources */,
				E0C525CB26CD3F9700A9908F /* MovieViewController.swift in Sources */,
				E0C525C726CD24DA00A9908F /* HTTPManager.swift in Sources */,
				E0C525AD26CD236800A9908F /* AppDelegate.swift in Sources */,
				E0C525C126CD242700A9908F /* ViewController.swift in Sources */,
				E0C525AF26CD236800A9908F /* SceneDelegate.swift in Sources */,
				E0C525C426CD248900A9908F /* Movie.swift in Sources */,
			);
			runOnlyForDeploymentPostprocessing = 0;
		};
/* End PBXSourcesBuildPhase section */

/* Begin PBXVariantGroup section */
		E0C525B726CD236900A9908F /* LaunchScreen.storyboard */ = {
			isa = PBXVariantGroup;
			children = (
				E0C525B826CD236900A9908F /* Base */,
			);
			name = LaunchScreen.storyboard;
			sourceTree = "<group>";
		};
/* End PBXVariantGroup section */

/* Begin XCBuildConfiguration section */
		E0C525BB26CD236900A9908F /* Debug */ = {
			isa = XCBuildConfiguration;
			buildSettings = {
				ALWAYS_SEARCH_USER_PATHS = NO;
				CLANG_ANALYZER_NONNULL = YES;
				CLANG_ANALYZER_NUMBER_OBJECT_CONVERSION = YES_AGGRESSIVE;
				CLANG_CXX_LANGUAGE_STANDARD = "gnu++14";
				CLANG_CXX_LIBRARY = "libc++";
				CLANG_ENABLE_MODULES = YES;
				CLANG_ENABLE_OBJC_ARC = YES;
				CLANG_ENABLE_OBJC_WEAK = YES;
				CLANG_WARN_BLOCK_CAPTURE_AUTORELEASING = YES;
				CLANG_WARN_BOOL_CONVERSION = YES;
				CLANG_WARN_COMMA = YES;
				CLANG_WARN_CONSTANT_CONVERSION = YES;
				CLANG_WARN_DEPRECATED_OBJC_IMPLEMENTATIONS = YES;
				CLANG_WARN_DIRECT_OBJC_ISA_USAGE = YES_ERROR;
				CLANG_WARN_DOCUMENTATION_COMMENTS = YES;
				CLANG_WARN_EMPTY_BODY = YES;
				CLANG_WARN_ENUM_CONVERSION = YES;
				CLANG_WARN_INFINITE_RECURSION = YES;
				CLANG_WARN_INT_CONVERSION = YES;
				CLANG_WARN_NON_LITERAL_NULL_CONVERSION = YES;
				CLANG_WARN_OBJC_IMPLICIT_RETAIN_SELF = YES;
				CLANG_WARN_OBJC_LITERAL_CONVERSION = YES;
				CLANG_WARN_OBJC_ROOT_CLASS = YES_ERROR;
				CLANG_WARN_QUOTED_INCLUDE_IN_FRAMEWORK_HEADER = YES;
				CLANG_WARN_RANGE_LOOP_ANALYSIS = YES;
				CLANG_WARN_STRICT_PROTOTYPES = YES;
				CLANG_WARN_SUSPICIOUS_MOVE = YES;
				CLANG_WARN_UNGUARDED_AVAILABILITY = YES_AGGRESSIVE;
				CLANG_WARN_UNREACHABLE_CODE = YES;
				CLANG_WARN__DUPLICATE_METHOD_MATCH = YES;
				COPY_PHASE_STRIP = NO;
				DEBUG_INFORMATION_FORMAT = dwarf;
				ENABLE_STRICT_OBJC_MSGSEND = YES;
				ENABLE_TESTABILITY = YES;
				GCC_C_LANGUAGE_STANDARD = gnu11;
				GCC_DYNAMIC_NO_PIC = NO;
				GCC_NO_COMMON_BLOCKS = YES;
				GCC_OPTIMIZATION_LEVEL = 0;
				GCC_PREPROCESSOR_DEFINITIONS = (
					"DEBUG=1",
					"$(inherited)",
				);
				GCC_WARN_64_TO_32_BIT_CONVERSION = YES;
				GCC_WARN_ABOUT_RETURN_TYPE = YES_ERROR;
				GCC_WARN_UNDECLARED_SELECTOR = YES;
				GCC_WARN_UNINITIALIZED_AUTOS = YES_AGGRESSIVE;
				GCC_WARN_UNUSED_FUNCTION = YES;
				GCC_WARN_UNUSED_VARIABLE = YES;
				IPHONEOS_DEPLOYMENT_TARGET = 14.5;
				MTL_ENABLE_DEBUG_INFO = INCLUDE_SOURCE;
				MTL_FAST_MATH = YES;
				ONLY_ACTIVE_ARCH = YES;
				SDKROOT = iphoneos;
				SWIFT_ACTIVE_COMPILATION_CONDITIONS = DEBUG;
				SWIFT_OPTIMIZATION_LEVEL = "-Onone";
			};
			name = Debug;
		};
		E0C525BC26CD236900A9908F /* Release */ = {
			isa = XCBuildConfiguration;
			buildSettings = {
				ALWAYS_SEARCH_USER_PATHS = NO;
				CLANG_ANALYZER_NONNULL = YES;
				CLANG_ANALYZER_NUMBER_OBJECT_CONVERSION = YES_AGGRESSIVE;
				CLANG_CXX_LANGUAGE_STANDARD = "gnu++14";
				CLANG_CXX_LIBRARY = "libc++";
				CLANG_ENABLE_MODULES = YES;
				CLANG_ENABLE_OBJC_ARC = YES;
				CLANG_ENABLE_OBJC_WEAK = YES;
				CLANG_WARN_BLOCK_CAPTURE_AUTORELEASING = YES;
				CLANG_WARN_BOOL_CONVERSION = YES;
				CLANG_WARN_COMMA = YES;
				CLANG_WARN_CONSTANT_CONVERSION = YES;
				CLANG_WARN_DEPRECATED_OBJC_IMPLEMENTATIONS = YES;
				CLANG_WARN_DIRECT_OBJC_ISA_USAGE = YES_ERROR;
				CLANG_WARN_DOCUMENTATION_COMMENTS = YES;
				CLANG_WARN_EMPTY_BODY = YES;
				CLANG_WARN_ENUM_CONVERSION = YES;
				CLANG_WARN_INFINITE_RECURSION = YES;
				CLANG_WARN_INT_CONVERSION = YES;
				CLANG_WARN_NON_LITERAL_NULL_CONVERSION = YES;
				CLANG_WARN_OBJC_IMPLICIT_RETAIN_SELF = YES;
				CLANG_WARN_OBJC_LITERAL_CONVERSION = YES;
				CLANG_WARN_OBJC_ROOT_CLASS = YES_ERROR;
				CLANG_WARN_QUOTED_INCLUDE_IN_FRAMEWORK_HEADER = YES;
				CLANG_WARN_RANGE_LOOP_ANALYSIS = YES;
				CLANG_WARN_STRICT_PROTOTYPES = YES;
				CLANG_WARN_SUSPICIOUS_MOVE = YES;
				CLANG_WARN_UNGUARDED_AVAILABILITY = YES_AGGRESSIVE;
				CLANG_WARN_UNREACHABLE_CODE = YES;
				CLANG_WARN__DUPLICATE_METHOD_MATCH = YES;
				COPY_PHASE_STRIP = NO;
				DEBUG_INFORMATION_FORMAT = "dwarf-with-dsym";
				ENABLE_NS_ASSERTIONS = NO;
				ENABLE_STRICT_OBJC_MSGSEND = YES;
				GCC_C_LANGUAGE_STANDARD = gnu11;
				GCC_NO_COMMON_BLOCKS = YES;
				GCC_WARN_64_TO_32_BIT_CONVERSION = YES;
				GCC_WARN_ABOUT_RETURN_TYPE = YES_ERROR;
				GCC_WARN_UNDECLARED_SELECTOR = YES;
				GCC_WARN_UNINITIALIZED_AUTOS = YES_AGGRESSIVE;
				GCC_WARN_UNUSED_FUNCTION = YES;
				GCC_WARN_UNUSED_VARIABLE = YES;
				IPHONEOS_DEPLOYMENT_TARGET = 14.5;
				MTL_ENABLE_DEBUG_INFO = NO;
				MTL_FAST_MATH = YES;
				SDKROOT = iphoneos;
				SWIFT_COMPILATION_MODE = wholemodule;
				SWIFT_OPTIMIZATION_LEVEL = "-O";
				VALIDATE_PRODUCT = YES;
			};
			name = Release;
		};
		E0C525BE26CD236900A9908F /* Debug */ = {
			isa = XCBuildConfiguration;
			baseConfigurationReference = F103D8D6E281CBC594FB4072 /* Pods-Movies.debug.xcconfig */;
			buildSettings = {
				ASSETCATALOG_COMPILER_APPICON_NAME = AppIcon;
				ASSETCATALOG_COMPILER_GLOBAL_ACCENT_COLOR_NAME = AccentColor;
				CODE_SIGN_STYLE = Automatic;
				DEVELOPMENT_TEAM = K3F23WU3K6;
				INFOPLIST_FILE = Movies/Info.plist;
				LD_RUNPATH_SEARCH_PATHS = (
					"$(inherited)",
					"@executable_path/Frameworks",
				);
				PRODUCT_BUNDLE_IDENTIFIER = com.yair.Movies;
				PRODUCT_NAME = "$(TARGET_NAME)";
				SWIFT_VERSION = 5.0;
				TARGETED_DEVICE_FAMILY = "1,2";
			};
			name = Debug;
		};
		E0C525BF26CD236900A9908F /* Release */ = {
			isa = XCBuildConfiguration;
			baseConfigurationReference = 57ACCD568C5C4A3FE2602713 /* Pods-Movies.release.xcconfig */;
			buildSettings = {
				ASSETCATALOG_COMPILER_APPICON_NAME = AppIcon;
				ASSETCATALOG_COMPILER_GLOBAL_ACCENT_COLOR_NAME = AccentColor;
				CODE_SIGN_STYLE = Automatic;
				DEVELOPMENT_TEAM = K3F23WU3K6;
				INFOPLIST_FILE = Movies/Info.plist;
				LD_RUNPATH_SEARCH_PATHS = (
					"$(inherited)",
					"@executable_path/Frameworks",
				);
				PRODUCT_BUNDLE_IDENTIFIER = com.yair.Movies;
				PRODUCT_NAME = "$(TARGET_NAME)";
				SWIFT_VERSION = 5.0;
				TARGETED_DEVICE_FAMILY = "1,2";
			};
			name = Release;
		};
/* End XCBuildConfiguration section */

/* Begin XCConfigurationList section */
		E0C525A426CD236800A9908F /* Build configuration list for PBXProject "Movies" */ = {
			isa = XCConfigurationList;
			buildConfigurations = (
				E0C525BB26CD236900A9908F /* Debug */,
				E0C525BC26CD236900A9908F /* Release */,
			);
			defaultConfigurationIsVisible = 0;
			defaultConfigurationName = Release;
		};
		E0C525BD26CD236900A9908F /* Build configuration list for PBXNativeTarget "Movies" */ = {
			isa = XCConfigurationList;
			buildConfigurations = (
				E0C525BE26CD236900A9908F /* Debug */,
				E0C525BF26CD236900A9908F /* Release */,
			);
			defaultConfigurationIsVisible = 0;
			defaultConfigurationName = Release;
		};
/* End XCConfigurationList section */
	};
	rootObject = E0C525A126CD236800A9908F /* Project object */;
}
